{
  "object": {
    "pins": [
      {
        "package": "GoogleDataTransport",
        "repositoryURL": "https://github.com/google/GoogleDataTransport.git",
        "state": {
          "branch": null,
          "revision": "9e79fd8deddbef5646fbb5dbb3eaf963e338f007",
          "version": "9.1.0"
        }
      },
      {
        "package": "GoogleUtilities",
        "repositoryURL": "https://github.com/google/GoogleUtilities.git",
        "state": {
          "branch": null,
          "revision": "f4abe56ce62a779e64b525eb133c8fc2a84bbc1f",
          "version": "7.7.1"
        }
      },
      {
        "package": "GTMSessionFetcher",
        "repositoryURL": "https://github.com/google/gtm-session-fetcher.git",
        "state": {
          "branch": null,
          "revision": "eca9404a18f53727e4698211aaf2615eb93b962a",
          "version": "1.7.1"
        }
      },
      {
        "package": "nanopb",
        "repositoryURL": "https://github.com/firebase/nanopb.git",
        "state": {
          "branch": null,
          "revision": "7ee9ef9f627d85cbe1b8c4f49a3ed26eed216c77",
          "version": "2.30908.0"
        }
      },
      {
        "package": "Promises",
        "repositoryURL": "https://github.com/google/promises.git",
        "state": {
          "branch": null,
          "revision": "46c1e6b5ac09d8f82c991061c659f67e573d425d",
          "version": "2.1.0"
        }
      }
    ]
  },
  "version": 1
}
