{
  "object": {
    "pins": [
      {
        "package": "InteropForGoogle",
        "repositoryURL": "https://github.com/google/interop-ios-for-google-sdks.git",
        "state": {
          "branch": null,
          "revision": "040d087ac2267d2ddd4cca36c757d1c6a05fdbfe",
          "version": "101.0.0"
        }
      }
    ]
  },
  "version": 1
}
