{
  "object": {
    "pins": [
      {
        "package": "InteropForGoogle",
        "repositoryURL": "https://github.com/google/interop-ios-for-google-sdks.git",
        "state": {
          "branch": null,
          "revision": "2d12673670417654f08f5f90fdd62926dc3a2648",
          "version": "100.0.0"
        }
      }
    ]
  },
  "version": 1
}
