// !$*UTF8*$!
{
	archiveVersion = 1;
	classes = {
	};
	objectVersion = 56;
	objects = {

/* Begin PBXBuildFile section */
		214BD0382A968E020010C78D /* AppDelegate.swift in Sources */ = {isa = PBXBuildFile; fileRef = 214BD0372A968E020010C78D /* AppDelegate.swift */; };
		214BD03C2A968E020010C78D /* ViewController.swift in Sources */ = {isa = PBXBuildFile; fileRef = 214BD03B2A968E020010C78D /* ViewController.swift */; };
		214BD03F2A968E020010C78D /* Main.storyboard in Resources */ = {isa = PBXBuildFile; fileRef = 214BD03D2A968E020010C78D /* Main.storyboard */; };
		214BD0412A968E040010C78D /* Assets.xcassets in Resources */ = {isa = PBXBuildFile; fileRef = 214BD0402A968E040010C78D /* Assets.xcassets */; };
		214BD0442A968E040010C78D /* LaunchScreen.storyboard in Resources */ = {isa = PBXBuildFile; fileRef = 214BD0422A968E040010C78D /* LaunchScreen.storyboard */; };
		7B3D243D2AC4C2B5009B8F6B /* RecaptchaViewController.swift in Sources */ = {isa = PBXBuildFile; fileRef = 7B3D243C2AC4C2B5009B8F6B /* RecaptchaViewController.swift */; };
		7B5C555E2AD47BA600F9DFFF /* RecaptchaBridge.swift in Sources */ = {isa = PBXBuildFile; fileRef = 7B5C555D2AD47BA600F9DFFF /* RecaptchaBridge.swift */; };
		7B5C55642AD4A77C00F9DFFF /* SceneDelegate.swift in Sources */ = {isa = PBXBuildFile; fileRef = 7B5C55632AD4A77C00F9DFFF /* SceneDelegate.swift */; };
		7B864BA52AD5FC3A00007219 /* rce.html in Resources */ = {isa = PBXBuildFile; fileRef = 7B864BA42AD5FC3A00007219 /* rce.html */; };
		7BBE8CEF2D55347800BC7A74 /* RecaptchaEnterprise in Frameworks */ = {isa = PBXBuildFile; productRef = 7BBE8CEE2D55347800BC7A74 /* RecaptchaEnterprise */; };
		7BBE8CF12D553C1E00BC7A74 /* RecaptchaRepository.swift in Sources */ = {isa = PBXBuildFile; fileRef = 7BBE8CF02D553C1500BC7A74 /* RecaptchaRepository.swift */; };
/* End PBXBuildFile section */

/* Begin PBXContainerItemProxy section */
		7B5C556F2AD4BCE500F9DFFF /* PBXContainerItemProxy */ = {
			isa = PBXContainerItemProxy;
			containerPortal = 214BD02C2A968E020010C78D /* Project object */;
			proxyType = 1;
			remoteGlobalIDString = 214BD0332A968E020010C78D;
			remoteInfo = exampleApp;
		};
/* End PBXContainerItemProxy section */

/* Begin PBXFileReference section */
		214BD0342A968E020010C78D /* exampleApp.app */ = {isa = PBXFileReference; explicitFileType = wrapper.application; includeInIndex = 0; path = exampleApp.app; sourceTree = BUILT_PRODUCTS_DIR; };
		214BD0372A968E020010C78D /* AppDelegate.swift */ = {isa = PBXFileReference; lastKnownFileType = sourcecode.swift; path = AppDelegate.swift; sourceTree = "<group>"; };
		214BD03B2A968E020010C78D /* ViewController.swift */ = {isa = PBXFileReference; lastKnownFileType = sourcecode.swift; path = ViewController.swift; sourceTree = "<group>"; };
		214BD03E2A968E020010C78D /* Base */ = {isa = PBXFileReference; lastKnownFileType = file.storyboard; name = Base; path = Base.lproj/Main.storyboard; sourceTree = "<group>"; };
		214BD0402A968E040010C78D /* Assets.xcassets */ = {isa = PBXFileReference; lastKnownFileType = folder.assetcatalog; path = Assets.xcassets; sourceTree = "<group>"; };
		214BD0432A968E040010C78D /* Base */ = {isa = PBXFileReference; lastKnownFileType = file.storyboard; name = Base; path = Base.lproj/LaunchScreen.storyboard; sourceTree = "<group>"; };
		214BD0452A968E040010C78D /* Info.plist */ = {isa = PBXFileReference; lastKnownFileType = text.plist.xml; path = Info.plist; sourceTree = "<group>"; };
		7B3D243C2AC4C2B5009B8F6B /* RecaptchaViewController.swift */ = {isa = PBXFileReference; fileEncoding = 4; lastKnownFileType = sourcecode.swift; path = RecaptchaViewController.swift; sourceTree = "<group>"; };
		7B4631ED2AD56D6E009BFC15 /* ReleaseSettings.xcconfig */ = {isa = PBXFileReference; fileEncoding = 4; lastKnownFileType = text.xcconfig; path = ReleaseSettings.xcconfig; sourceTree = "<group>"; };
		7B4631EE2AD56D6E009BFC15 /* DebugSettings.xcconfig */ = {isa = PBXFileReference; fileEncoding = 4; lastKnownFileType = text.xcconfig; path = DebugSettings.xcconfig; sourceTree = "<group>"; };
		7B5C555D2AD47BA600F9DFFF /* RecaptchaBridge.swift */ = {isa = PBXFileReference; lastKnownFileType = sourcecode.swift; path = RecaptchaBridge.swift; sourceTree = "<group>"; };
		7B5C55632AD4A77C00F9DFFF /* SceneDelegate.swift */ = {isa = PBXFileReference; lastKnownFileType = sourcecode.swift; path = SceneDelegate.swift; sourceTree = "<group>"; };
		7B5C55692AD4BCE500F9DFFF /* exampleAppUITests.xctest */ = {isa = PBXFileReference; explicitFileType = wrapper.cfbundle; includeInIndex = 0; path = exampleAppUITests.xctest; sourceTree = BUILT_PRODUCTS_DIR; };
		7B864BA42AD5FC3A00007219 /* rce.html */ = {isa = PBXFileReference; fileEncoding = 4; lastKnownFileType = text.html; path = rce.html; sourceTree = "<group>"; };
		7BBE8CF02D553C1500BC7A74 /* RecaptchaRepository.swift */ = {isa = PBXFileReference; lastKnownFileType = sourcecode.swift; path = RecaptchaRepository.swift; sourceTree = "<group>"; };
/* End PBXFileReference section */

/* Begin PBXFrameworksBuildPhase section */
		214BD0312A968E020010C78D /* Frameworks */ = {
			isa = PBXFrameworksBuildPhase;
			buildActionMask = 2147483647;
			files = (
				7BBE8CEF2D55347800BC7A74 /* RecaptchaEnterprise in Frameworks */,
			);
			runOnlyForDeploymentPostprocessing = 0;
		};
		7B5C55662AD4BCE500F9DFFF /* Frameworks */ = {
			isa = PBXFrameworksBuildPhase;
			buildActionMask = 2147483647;
			files = (
			);
			runOnlyForDeploymentPostprocessing = 0;
		};
/* End PBXFrameworksBuildPhase section */

/* Begin PBXGroup section */
		214BD02B2A968E020010C78D = {
			isa = PBXGroup;
			children = (
				7B4631EE2AD56D6E009BFC15 /* DebugSettings.xcconfig */,
				7B4631ED2AD56D6E009BFC15 /* ReleaseSettings.xcconfig */,
				214BD0362A968E020010C78D /* exampleApp */,
				214BD0352A968E020010C78D /* Products */,
			);
			sourceTree = "<group>";
		};
		214BD0352A968E020010C78D /* Products */ = {
			isa = PBXGroup;
			children = (
				214BD0342A968E020010C78D /* exampleApp.app */,
				7B5C55692AD4BCE500F9DFFF /* exampleAppUITests.xctest */,
			);
			name = Products;
			sourceTree = "<group>";
		};
		214BD0362A968E020010C78D /* exampleApp */ = {
			isa = PBXGroup;
			children = (
				7BBE8CF02D553C1500BC7A74 /* RecaptchaRepository.swift */,
				7B864BA42AD5FC3A00007219 /* rce.html */,
				7B3D243C2AC4C2B5009B8F6B /* RecaptchaViewController.swift */,
				7B5C555D2AD47BA600F9DFFF /* RecaptchaBridge.swift */,
				214BD0372A968E020010C78D /* AppDelegate.swift */,
				214BD03B2A968E020010C78D /* ViewController.swift */,
				214BD03D2A968E020010C78D /* Main.storyboard */,
				214BD0402A968E040010C78D /* Assets.xcassets */,
				214BD0422A968E040010C78D /* LaunchScreen.storyboard */,
				214BD0452A968E040010C78D /* Info.plist */,
				7B5C55632AD4A77C00F9DFFF /* SceneDelegate.swift */,
			);
			path = exampleApp;
			sourceTree = "<group>";
		};
/* End PBXGroup section */

/* Begin PBXNativeTarget section */
		214BD0332A968E020010C78D /* exampleApp */ = {
			isa = PBXNativeTarget;
			buildConfigurationList = 214BD0482A968E040010C78D /* Build configuration list for PBXNativeTarget "exampleApp" */;
			buildPhases = (
				214BD0302A968E020010C78D /* Sources */,
				214BD0312A968E020010C78D /* Frameworks */,
				214BD0322A968E020010C78D /* Resources */,
			);
			buildRules = (
			);
			dependencies = (
			);
			name = exampleApp;
			productName = exampleApp;
			productReference = 214BD0342A968E020010C78D /* exampleApp.app */;
			productType = "com.apple.product-type.application";
		};
		7B5C55682AD4BCE500F9DFFF /* exampleAppUITests */ = {
			isa = PBXNativeTarget;
			buildConfigurationList = 7B5C55732AD4BCE500F9DFFF /* Build configuration list for PBXNativeTarget "exampleAppUITests" */;
			buildPhases = (
				7B5C55652AD4BCE500F9DFFF /* Sources */,
				7B5C55662AD4BCE500F9DFFF /* Frameworks */,
				7B5C55672AD4BCE500F9DFFF /* Resources */,
			);
			buildRules = (
			);
			dependencies = (
				7B5C55702AD4BCE500F9DFFF /* PBXTargetDependency */,
			);
			name = exampleAppUITests;
			productName = exampleAppUITests;
			productReference = 7B5C55692AD4BCE500F9DFFF /* exampleAppUITests.xctest */;
			productType = "com.apple.product-type.bundle.ui-testing";
		};
/* End PBXNativeTarget section */

/* Begin PBXProject section */
		214BD02C2A968E020010C78D /* Project object */ = {
			isa = PBXProject;
			attributes = {
				BuildIndependentTargetsInParallel = 1;
				LastSwiftUpdateCheck = 1420;
				LastUpgradeCheck = 1620;
				TargetAttributes = {
					214BD0332A968E020010C78D = {
						CreatedOnToolsVersion = 14.3.1;
						LastSwiftMigration = 1430;
					};
					7B5C55682AD4BCE500F9DFFF = {
						CreatedOnToolsVersion = 14.2;
						LastSwiftMigration = 1420;
						TestTargetID = 214BD0332A968E020010C78D;
					};
				};
			};
			buildConfigurationList = 214BD02F2A968E020010C78D /* Build configuration list for PBXProject "exampleApp" */;
			compatibilityVersion = "Xcode 14.0";
			developmentRegion = en;
			hasScannedForEncodings = 0;
			knownRegions = (
				en,
				Base,
			);
			mainGroup = 214BD02B2A968E020010C78D;
			packageReferences = (
				7BBE8CED2D55347800BC7A74 /* XCRemoteSwiftPackageReference "recaptcha-enterprise-mobile-sdk" */,
			);
			productRefGroup = 214BD0352A968E020010C78D /* Products */;
			projectDirPath = "";
			projectRoot = "";
			targets = (
				214BD0332A968E020010C78D /* exampleApp */,
				7B5C55682AD4BCE500F9DFFF /* exampleAppUITests */,
			);
		};
/* End PBXProject section */

/* Begin PBXResourcesBuildPhase section */
		214BD0322A968E020010C78D /* Resources */ = {
			isa = PBXResourcesBuildPhase;
			buildActionMask = 2147483647;
			files = (
				214BD0442A968E040010C78D /* LaunchScreen.storyboard in Resources */,
				214BD0412A968E040010C78D /* Assets.xcassets in Resources */,
				214BD03F2A968E020010C78D /* Main.storyboard in Resources */,
				7B864BA52AD5FC3A00007219 /* rce.html in Resources */,
			);
			runOnlyForDeploymentPostprocessing = 0;
		};
		7B5C55672AD4BCE500F9DFFF /* Resources */ = {
			isa = PBXResourcesBuildPhase;
			buildActionMask = 2147483647;
			files = (
			);
			runOnlyForDeploymentPostprocessing = 0;
		};
/* End PBXResourcesBuildPhase section */

/* Begin PBXSourcesBuildPhase section */
		214BD0302A968E020010C78D /* Sources */ = {
			isa = PBXSourcesBuildPhase;
			buildActionMask = 2147483647;
			files = (
				214BD03C2A968E020010C78D /* ViewController.swift in Sources */,
				7B3D243D2AC4C2B5009B8F6B /* RecaptchaViewController.swift in Sources */,
				7B5C555E2AD47BA600F9DFFF /* RecaptchaBridge.swift in Sources */,
				7BBE8CF12D553C1E00BC7A74 /* RecaptchaRepository.swift in Sources */,
				214BD0382A968E020010C78D /* AppDelegate.swift in Sources */,
				7B5C55642AD4A77C00F9DFFF /* SceneDelegate.swift in Sources */,
			);
			runOnlyForDeploymentPostprocessing = 0;
		};
		7B5C55652AD4BCE500F9DFFF /* Sources */ = {
			isa = PBXSourcesBuildPhase;
			buildActionMask = 2147483647;
			files = (
			);
			runOnlyForDeploymentPostprocessing = 0;
		};
/* End PBXSourcesBuildPhase section */

/* Begin PBXTargetDependency section */
		7B5C55702AD4BCE500F9DFFF /* PBXTargetDependency */ = {
			isa = PBXTargetDependency;
			target = 214BD0332A968E020010C78D /* exampleApp */;
			targetProxy = 7B5C556F2AD4BCE500F9DFFF /* PBXContainerItemProxy */;
		};
/* End PBXTargetDependency section */

/* Begin PBXVariantGroup section */
		214BD03D2A968E020010C78D /* Main.storyboard */ = {
			isa = PBXVariantGroup;
			children = (
				214BD03E2A968E020010C78D /* Base */,
			);
			name = Main.storyboard;
			sourceTree = "<group>";
		};
		214BD0422A968E040010C78D /* LaunchScreen.storyboard */ = {
			isa = PBXVariantGroup;
			children = (
				214BD0432A968E040010C78D /* Base */,
			);
			name = LaunchScreen.storyboard;
			sourceTree = "<group>";
		};
/* End PBXVariantGroup section */

/* Begin XCBuildConfiguration section */
		214BD0462A968E040010C78D /* Debug */ = {
			isa = XCBuildConfiguration;
			buildSettings = {
				ALWAYS_SEARCH_USER_PATHS = NO;
				CLANG_ANALYZER_NONNULL = YES;
				CLANG_ANALYZER_NUMBER_OBJECT_CONVERSION = YES_AGGRESSIVE;
				CLANG_CXX_LANGUAGE_STANDARD = "gnu++20";
				CLANG_ENABLE_MODULES = YES;
				CLANG_ENABLE_OBJC_ARC = YES;
				CLANG_ENABLE_OBJC_WEAK = YES;
				CLANG_WARN_BLOCK_CAPTURE_AUTORELEASING = YES;
				CLANG_WARN_BOOL_CONVERSION = YES;
				CLANG_WARN_COMMA = YES;
				CLANG_WARN_CONSTANT_CONVERSION = YES;
				CLANG_WARN_DEPRECATED_OBJC_IMPLEMENTATIONS = YES;
				CLANG_WARN_DIRECT_OBJC_ISA_USAGE = YES_ERROR;
				CLANG_WARN_DOCUMENTATION_COMMENTS = YES;
				CLANG_WARN_EMPTY_BODY = YES;
				CLANG_WARN_ENUM_CONVERSION = YES;
				CLANG_WARN_INFINITE_RECURSION = YES;
				CLANG_WARN_INT_CONVERSION = YES;
				CLANG_WARN_NON_LITERAL_NULL_CONVERSION = YES;
				CLANG_WARN_OBJC_IMPLICIT_RETAIN_SELF = YES;
				CLANG_WARN_OBJC_LITERAL_CONVERSION = YES;
				CLANG_WARN_OBJC_ROOT_CLASS = YES_ERROR;
				CLANG_WARN_QUOTED_INCLUDE_IN_FRAMEWORK_HEADER = YES;
				CLANG_WARN_RANGE_LOOP_ANALYSIS = YES;
				CLANG_WARN_STRICT_PROTOTYPES = YES;
				CLANG_WARN_SUSPICIOUS_MOVE = YES;
				CLANG_WARN_UNGUARDED_AVAILABILITY = YES_AGGRESSIVE;
				CLANG_WARN_UNREACHABLE_CODE = YES;
				CLANG_WARN__DUPLICATE_METHOD_MATCH = YES;
				COPY_PHASE_STRIP = NO;
				DEBUG_INFORMATION_FORMAT = dwarf;
				ENABLE_STRICT_OBJC_MSGSEND = YES;
				ENABLE_TESTABILITY = YES;
				ENABLE_USER_SCRIPT_SANDBOXING = YES;
				GCC_C_LANGUAGE_STANDARD = gnu11;
				GCC_DYNAMIC_NO_PIC = NO;
				GCC_NO_COMMON_BLOCKS = YES;
				GCC_OPTIMIZATION_LEVEL = 0;
				GCC_PREPROCESSOR_DEFINITIONS = (
					"DEBUG=1",
					"$(inherited)",
				);
				GCC_WARN_64_TO_32_BIT_CONVERSION = YES;
				GCC_WARN_ABOUT_RETURN_TYPE = YES_ERROR;
				GCC_WARN_UNDECLARED_SELECTOR = YES;
				GCC_WARN_UNINITIALIZED_AUTOS = YES_AGGRESSIVE;
				GCC_WARN_UNUSED_FUNCTION = YES;
				GCC_WARN_UNUSED_VARIABLE = YES;
				IPHONEOS_DEPLOYMENT_TARGET = 16.4;
				MTL_ENABLE_DEBUG_INFO = INCLUDE_SOURCE;
				MTL_FAST_MATH = YES;
				ONLY_ACTIVE_ARCH = YES;
				SDKROOT = iphoneos;
				SWIFT_ACTIVE_COMPILATION_CONDITIONS = DEBUG;
				SWIFT_OPTIMIZATION_LEVEL = "-Onone";
			};
			name = Debug;
		};
		214BD0472A968E040010C78D /* Release */ = {
			isa = XCBuildConfiguration;
			buildSettings = {
				ALWAYS_SEARCH_USER_PATHS = NO;
				CLANG_ANALYZER_NONNULL = YES;
				CLANG_ANALYZER_NUMBER_OBJECT_CONVERSION = YES_AGGRESSIVE;
				CLANG_CXX_LANGUAGE_STANDARD = "gnu++20";
				CLANG_ENABLE_MODULES = YES;
				CLANG_ENABLE_OBJC_ARC = YES;
				CLANG_ENABLE_OBJC_WEAK = YES;
				CLANG_WARN_BLOCK_CAPTURE_AUTORELEASING = YES;
				CLANG_WARN_BOOL_CONVERSION = YES;
				CLANG_WARN_COMMA = YES;
				CLANG_WARN_CONSTANT_CONVERSION = YES;
				CLANG_WARN_DEPRECATED_OBJC_IMPLEMENTATIONS = YES;
				CLANG_WARN_DIRECT_OBJC_ISA_USAGE = YES_ERROR;
				CLANG_WARN_DOCUMENTATION_COMMENTS = YES;
				CLANG_WARN_EMPTY_BODY = YES;
				CLANG_WARN_ENUM_CONVERSION = YES;
				CLANG_WARN_INFINITE_RECURSION = YES;
				CLANG_WARN_INT_CONVERSION = YES;
				CLANG_WARN_NON_LITERAL_NULL_CONVERSION = YES;
				CLANG_WARN_OBJC_IMPLICIT_RETAIN_SELF = YES;
				CLANG_WARN_OBJC_LITERAL_CONVERSION = YES;
				CLANG_WARN_OBJC_ROOT_CLASS = YES_ERROR;
				CLANG_WARN_QUOTED_INCLUDE_IN_FRAMEWORK_HEADER = YES;
				CLANG_WARN_RANGE_LOOP_ANALYSIS = YES;
				CLANG_WARN_STRICT_PROTOTYPES = YES;
				CLANG_WARN_SUSPICIOUS_MOVE = YES;
				CLANG_WARN_UNGUARDED_AVAILABILITY = YES_AGGRESSIVE;
				CLANG_WARN_UNREACHABLE_CODE = YES;
				CLANG_WARN__DUPLICATE_METHOD_MATCH = YES;
				COPY_PHASE_STRIP = NO;
				DEBUG_INFORMATION_FORMAT = "dwarf-with-dsym";
				ENABLE_NS_ASSERTIONS = NO;
				ENABLE_STRICT_OBJC_MSGSEND = YES;
				ENABLE_USER_SCRIPT_SANDBOXING = YES;
				GCC_C_LANGUAGE_STANDARD = gnu11;
				GCC_NO_COMMON_BLOCKS = YES;
				GCC_WARN_64_TO_32_BIT_CONVERSION = YES;
				GCC_WARN_ABOUT_RETURN_TYPE = YES_ERROR;
				GCC_WARN_UNDECLARED_SELECTOR = YES;
				GCC_WARN_UNINITIALIZED_AUTOS = YES_AGGRESSIVE;
				GCC_WARN_UNUSED_FUNCTION = YES;
				GCC_WARN_UNUSED_VARIABLE = YES;
				IPHONEOS_DEPLOYMENT_TARGET = 16.4;
				MTL_ENABLE_DEBUG_INFO = NO;
				MTL_FAST_MATH = YES;
				SDKROOT = iphoneos;
				SWIFT_COMPILATION_MODE = wholemodule;
				SWIFT_OPTIMIZATION_LEVEL = "-O";
				VALIDATE_PRODUCT = YES;
			};
			name = Release;
		};
		214BD0492A968E040010C78D /* Debug */ = {
			isa = XCBuildConfiguration;
			baseConfigurationReference = 7B4631EE2AD56D6E009BFC15 /* DebugSettings.xcconfig */;
			buildSettings = {
				ASSETCATALOG_COMPILER_APPICON_NAME = AppIcon;
				ASSETCATALOG_COMPILER_GLOBAL_ACCENT_COLOR_NAME = AccentColor;
				CLANG_ENABLE_MODULES = YES;
				CODE_SIGN_IDENTITY = "Apple Development";
				"CODE_SIGN_IDENTITY[sdk=iphoneos*]" = "iPhone Developer";
				CODE_SIGN_STYLE = Manual;
				CURRENT_PROJECT_VERSION = 1;
				DEVELOPMENT_TEAM = "";
				"DEVELOPMENT_TEAM[sdk=iphoneos*]" = EQHXZ8M8AV;
				GENERATE_INFOPLIST_FILE = YES;
				INFOPLIST_FILE = exampleApp/Info.plist;
				INFOPLIST_KEY_UIApplicationSupportsIndirectInputEvents = YES;
				INFOPLIST_KEY_UILaunchStoryboardName = LaunchScreen;
				INFOPLIST_KEY_UIMainStoryboardFile = Main;
				INFOPLIST_KEY_UISupportedInterfaceOrientations_iPad = "UIInterfaceOrientationPortrait UIInterfaceOrientationPortraitUpsideDown UIInterfaceOrientationLandscapeLeft UIInterfaceOrientationLandscapeRight";
				INFOPLIST_KEY_UISupportedInterfaceOrientations_iPhone = "UIInterfaceOrientationPortrait UIInterfaceOrientationLandscapeLeft UIInterfaceOrientationLandscapeRight";
				IPHONEOS_DEPLOYMENT_TARGET = 13.0;
				LD_RUNPATH_SEARCH_PATHS = (
					"$(inherited)",
					"@executable_path/Frameworks",
				);
				MARKETING_VERSION = 1.0;
				OTHER_LDFLAGS = "-ObjC";
				PRODUCT_BUNDLE_IDENTIFIER = recaptcha.exampleApp;
				PRODUCT_NAME = "$(TARGET_NAME)";
				PROVISIONING_PROFILE_SPECIFIER = "";
				"PROVISIONING_PROFILE_SPECIFIER[sdk=iphoneos*]" = "Google Development";
				SUPPORTED_PLATFORMS = "iphoneos iphonesimulator";
				SUPPORTS_MACCATALYST = NO;
				SUPPORTS_MAC_DESIGNED_FOR_IPHONE_IPAD = YES;
				SWIFT_EMIT_LOC_STRINGS = YES;
				SWIFT_OBJC_BRIDGING_HEADER = "";
				SWIFT_OPTIMIZATION_LEVEL = "-Onone";
				SWIFT_VERSION = 5.0;
				TARGETED_DEVICE_FAMILY = "1,2";
			};
			name = Debug;
		};
		214BD04A2A968E040010C78D /* Release */ = {
			isa = XCBuildConfiguration;
			baseConfigurationReference = 7B4631ED2AD56D6E009BFC15 /* ReleaseSettings.xcconfig */;
			buildSettings = {
				ASSETCATALOG_COMPILER_APPICON_NAME = AppIcon;
				ASSETCATALOG_COMPILER_GLOBAL_ACCENT_COLOR_NAME = AccentColor;
				CLANG_ENABLE_MODULES = YES;
				CODE_SIGN_IDENTITY = "Apple Development";
				"CODE_SIGN_IDENTITY[sdk=iphoneos*]" = "iPhone Developer";
				CODE_SIGN_STYLE = Manual;
				CURRENT_PROJECT_VERSION = 1;
				DEVELOPMENT_TEAM = "";
				"DEVELOPMENT_TEAM[sdk=iphoneos*]" = EQHXZ8M8AV;
				GENERATE_INFOPLIST_FILE = YES;
				INFOPLIST_FILE = exampleApp/Info.plist;
				INFOPLIST_KEY_UIApplicationSupportsIndirectInputEvents = YES;
				INFOPLIST_KEY_UILaunchStoryboardName = LaunchScreen;
				INFOPLIST_KEY_UIMainStoryboardFile = Main;
				INFOPLIST_KEY_UISupportedInterfaceOrientations_iPad = "UIInterfaceOrientationPortrait UIInterfaceOrientationPortraitUpsideDown UIInterfaceOrientationLandscapeLeft UIInterfaceOrientationLandscapeRight";
				INFOPLIST_KEY_UISupportedInterfaceOrientations_iPhone = "UIInterfaceOrientationPortrait UIInterfaceOrientationLandscapeLeft UIInterfaceOrientationLandscapeRight";
				IPHONEOS_DEPLOYMENT_TARGET = 13.0;
				LD_RUNPATH_SEARCH_PATHS = (
					"$(inherited)",
					"@executable_path/Frameworks",
				);
				MARKETING_VERSION = 1.0;
				OTHER_LDFLAGS = "-ObjC";
				PRODUCT_BUNDLE_IDENTIFIER = recaptcha.exampleApp;
				PRODUCT_NAME = "$(TARGET_NAME)";
				PROVISIONING_PROFILE_SPECIFIER = "";
				"PROVISIONING_PROFILE_SPECIFIER[sdk=iphoneos*]" = "Google Development";
				SUPPORTED_PLATFORMS = "iphoneos iphonesimulator";
				SUPPORTS_MACCATALYST = NO;
				SUPPORTS_MAC_DESIGNED_FOR_IPHONE_IPAD = YES;
				SWIFT_EMIT_LOC_STRINGS = YES;
				SWIFT_OBJC_BRIDGING_HEADER = "";
				SWIFT_VERSION = 5.0;
				TARGETED_DEVICE_FAMILY = "1,2";
			};
			name = Release;
		};
		7B5C55712AD4BCE500F9DFFF /* Debug */ = {
			isa = XCBuildConfiguration;
			buildSettings = {
				CLANG_ENABLE_MODULES = YES;
				CODE_SIGN_STYLE = Automatic;
				CURRENT_PROJECT_VERSION = 1;
				GENERATE_INFOPLIST_FILE = YES;
				IPHONEOS_DEPLOYMENT_TARGET = 12.2;
				LD_RUNPATH_SEARCH_PATHS = (
					"$(inherited)",
					"@executable_path/Frameworks",
					"@loader_path/Frameworks",
				);
				MARKETING_VERSION = 1.0;
				OTHER_LDFLAGS = (
					"$(inherited)",
					"-framework",
					"\"XCTest\"",
					"-ObjC",
				);
				PRODUCT_BUNDLE_IDENTIFIER = google.exampleAppUITests;
				PRODUCT_NAME = "$(TARGET_NAME)";
				SWIFT_EMIT_LOC_STRINGS = NO;
				SWIFT_OBJC_BRIDGING_HEADER = "exampleAppUITests/exampleAppUITests-Bridging-Header.h";
				SWIFT_OPTIMIZATION_LEVEL = "-Onone";
				SWIFT_VERSION = 5.0;
				TARGETED_DEVICE_FAMILY = "1,2";
				TEST_TARGET_NAME = exampleApp;
				USER_HEADER_SEARCH_PATHS = "";
			};
			name = Debug;
		};
		7B5C55722AD4BCE500F9DFFF /* Release */ = {
			isa = XCBuildConfiguration;
			buildSettings = {
				CLANG_ENABLE_MODULES = YES;
				CODE_SIGN_STYLE = Automatic;
				CURRENT_PROJECT_VERSION = 1;
				GENERATE_INFOPLIST_FILE = YES;
				IPHONEOS_DEPLOYMENT_TARGET = 12.2;
				LD_RUNPATH_SEARCH_PATHS = (
					"$(inherited)",
					"@executable_path/Frameworks",
					"@loader_path/Frameworks",
				);
				MARKETING_VERSION = 1.0;
				OTHER_LDFLAGS = (
					"$(inherited)",
					"-framework",
					"\"XCTest\"",
					"-ObjC",
				);
				PRODUCT_BUNDLE_IDENTIFIER = google.exampleAppUITests;
				PRODUCT_NAME = "$(TARGET_NAME)";
				SWIFT_EMIT_LOC_STRINGS = NO;
				SWIFT_OBJC_BRIDGING_HEADER = "exampleAppUITests/exampleAppUITests-Bridging-Header.h";
				SWIFT_VERSION = 5.0;
				TARGETED_DEVICE_FAMILY = "1,2";
				TEST_TARGET_NAME = exampleApp;
			};
			name = Release;
		};
/* End XCBuildConfiguration section */

/* Begin XCConfigurationList section */
		214BD02F2A968E020010C78D /* Build configuration list for PBXProject "exampleApp" */ = {
			isa = XCConfigurationList;
			buildConfigurations = (
				214BD0462A968E040010C78D /* Debug */,
				214BD0472A968E040010C78D /* Release */,
			);
			defaultConfigurationIsVisible = 0;
			defaultConfigurationName = Release;
		};
		214BD0482A968E040010C78D /* Build configuration list for PBXNativeTarget "exampleApp" */ = {
			isa = XCConfigurationList;
			buildConfigurations = (
				214BD0492A968E040010C78D /* Debug */,
				214BD04A2A968E040010C78D /* Release */,
			);
			defaultConfigurationIsVisible = 0;
			defaultConfigurationName = Release;
		};
		7B5C55732AD4BCE500F9DFFF /* Build configuration list for PBXNativeTarget "exampleAppUITests" */ = {
			isa = XCConfigurationList;
			buildConfigurations = (
				7B5C55712AD4BCE500F9DFFF /* Debug */,
				7B5C55722AD4BCE500F9DFFF /* Release */,
			);
			defaultConfigurationIsVisible = 0;
			defaultConfigurationName = Release;
		};
/* End XCConfigurationList section */

/* Begin XCRemoteSwiftPackageReference section */
		7BBE8CED2D55347800BC7A74 /* XCRemoteSwiftPackageReference "recaptcha-enterprise-mobile-sdk" */ = {
			isa = XCRemoteSwiftPackageReference;
			repositoryURL = "https://github.com/GoogleCloudPlatform/recaptcha-enterprise-mobile-sdk";
			requirement = {
				kind = upToNextMajorVersion;
				minimumVersion = 18.7.0;
			};
		};
/* End XCRemoteSwiftPackageReference section */

/* Begin XCSwiftPackageProductDependency section */
		7BBE8CEE2D55347800BC7A74 /* RecaptchaEnterprise */ = {
			isa = XCSwiftPackageProductDependency;
			package = 7BBE8CED2D55347800BC7A74 /* XCRemoteSwiftPackageReference "recaptcha-enterprise-mobile-sdk" */;
			productName = RecaptchaEnterprise;
		};
/* End XCSwiftPackageProductDependency section */
	};
	rootObject = 214BD02C2A968E020010C78D /* Project object */;
}
