// !$*UTF8*$!
{
	archiveVersion = 1;
	classes = {
	};
	objectVersion = 56;
	objects = {

/* Begin PBXBuildFile section */
		7BB4A09E2CB9608500F900C3 /* RecaptchaDemoApp.swift in Sources */ = {isa = PBXBuildFile; fileRef = 7BB4A09D2CB9608500F900C3 /* RecaptchaDemoApp.swift */; };
		7BB4A0A02CB9608500F900C3 /* ContentView.swift in Sources */ = {isa = PBXBuildFile; fileRef = 7BB4A09F2CB9608500F900C3 /* ContentView.swift */; };
		7BB4A0A22CB9608600F900C3 /* Assets.xcassets in Resources */ = {isa = PBXBuildFile; fileRef = 7BB4A0A12CB9608600F900C3 /* Assets.xcassets */; };
		7BB4A0A52CB9608600F900C3 /* Preview Assets.xcassets in Resources */ = {isa = PBXBuildFile; fileRef = 7BB4A0A42CB9608600F900C3 /* Preview Assets.xcassets */; };
		7BB4A0AF2CB9608600F900C3 /* RecaptchaDemoTests.swift in Sources */ = {isa = PBXBuildFile; fileRef = 7BB4A0AE2CB9608600F900C3 /* RecaptchaDemoTests.swift */; };
		7BB4A0B92CB9608600F900C3 /* RecaptchaDemoUITests.swift in Sources */ = {isa = PBXBuildFile; fileRef = 7BB4A0B82CB9608600F900C3 /* RecaptchaDemoUITests.swift */; };
		7BB4A0BB2CB9608600F900C3 /* RecaptchaDemoUITestsLaunchTests.swift in Sources */ = {isa = PBXBuildFile; fileRef = 7BB4A0BA2CB9608600F900C3 /* RecaptchaDemoUITestsLaunchTests.swift */; };
		7BB4A0CC2CB960E100F900C3 /* HomeView.swift in Sources */ = {isa = PBXBuildFile; fileRef = 7BB4A0C72CB960E100F900C3 /* HomeView.swift */; };
		7BB4A0CD2CB960E100F900C3 /* LoginViewModel.swift in Sources */ = {isa = PBXBuildFile; fileRef = 7BB4A0C82CB960E100F900C3 /* LoginViewModel.swift */; };
		7BB4A0CE2CB960E100F900C3 /* DemoRepository.swift in Sources */ = {isa = PBXBuildFile; fileRef = 7BB4A0C92CB960E100F900C3 /* DemoRepository.swift */; };
		7BB4A0CF2CB960E100F900C3 /* RecaptchaRepository.swift in Sources */ = {isa = PBXBuildFile; fileRef = 7BB4A0CA2CB960E100F900C3 /* RecaptchaRepository.swift */; };
		7BB4A0D02CB960E100F900C3 /* LoginView.swift in Sources */ = {isa = PBXBuildFile; fileRef = 7BB4A0CB2CB960E100F900C3 /* LoginView.swift */; };
		7BB4A0D32CB9611B00F900C3 /* RecaptchaEnterprise in Frameworks */ = {isa = PBXBuildFile; productRef = 7BB4A0D22CB9611B00F900C3 /* RecaptchaEnterprise */; };
/* End PBXBuildFile section */

/* Begin PBXContainerItemProxy section */
		7BB4A0AB2CB9608600F900C3 /* PBXContainerItemProxy */ = {
			isa = PBXContainerItemProxy;
			containerPortal = 7BB4A0922CB9608500F900C3 /* Project object */;
			proxyType = 1;
			remoteGlobalIDString = 7BB4A0992CB9608500F900C3;
			remoteInfo = RecaptchaDemo;
		};
		7BB4A0B52CB9608600F900C3 /* PBXContainerItemProxy */ = {
			isa = PBXContainerItemProxy;
			containerPortal = 7BB4A0922CB9608500F900C3 /* Project object */;
			proxyType = 1;
			remoteGlobalIDString = 7BB4A0992CB9608500F900C3;
			remoteInfo = RecaptchaDemo;
		};
/* End PBXContainerItemProxy section */

/* Begin PBXFileReference section */
		7BB4A09A2CB9608500F900C3 /* RecaptchaDemo.app */ = {isa = PBXFileReference; explicitFileType = wrapper.application; includeInIndex = 0; path = RecaptchaDemo.app; sourceTree = BUILT_PRODUCTS_DIR; };
		7BB4A09D2CB9608500F900C3 /* RecaptchaDemoApp.swift */ = {isa = PBXFileReference; lastKnownFileType = sourcecode.swift; path = RecaptchaDemoApp.swift; sourceTree = "<group>"; };
		7BB4A09F2CB9608500F900C3 /* ContentView.swift */ = {isa = PBXFileReference; lastKnownFileType = sourcecode.swift; path = ContentView.swift; sourceTree = "<group>"; };
		7BB4A0A12CB9608600F900C3 /* Assets.xcassets */ = {isa = PBXFileReference; lastKnownFileType = folder.assetcatalog; path = Assets.xcassets; sourceTree = "<group>"; };
		7BB4A0A42CB9608600F900C3 /* Preview Assets.xcassets */ = {isa = PBXFileReference; lastKnownFileType = folder.assetcatalog; path = "Preview Assets.xcassets"; sourceTree = "<group>"; };
		7BB4A0AA2CB9608600F900C3 /* RecaptchaDemoTests.xctest */ = {isa = PBXFileReference; explicitFileType = wrapper.cfbundle; includeInIndex = 0; path = RecaptchaDemoTests.xctest; sourceTree = BUILT_PRODUCTS_DIR; };
		7BB4A0AE2CB9608600F900C3 /* RecaptchaDemoTests.swift */ = {isa = PBXFileReference; lastKnownFileType = sourcecode.swift; path = RecaptchaDemoTests.swift; sourceTree = "<group>"; };
		7BB4A0B42CB9608600F900C3 /* RecaptchaDemoUITests.xctest */ = {isa = PBXFileReference; explicitFileType = wrapper.cfbundle; includeInIndex = 0; path = RecaptchaDemoUITests.xctest; sourceTree = BUILT_PRODUCTS_DIR; };
		7BB4A0B82CB9608600F900C3 /* RecaptchaDemoUITests.swift */ = {isa = PBXFileReference; lastKnownFileType = sourcecode.swift; path = RecaptchaDemoUITests.swift; sourceTree = "<group>"; };
		7BB4A0BA2CB9608600F900C3 /* RecaptchaDemoUITestsLaunchTests.swift */ = {isa = PBXFileReference; lastKnownFileType = sourcecode.swift; path = RecaptchaDemoUITestsLaunchTests.swift; sourceTree = "<group>"; };
		7BB4A0C72CB960E100F900C3 /* HomeView.swift */ = {isa = PBXFileReference; fileEncoding = 4; lastKnownFileType = sourcecode.swift; path = HomeView.swift; sourceTree = "<group>"; };
		7BB4A0C82CB960E100F900C3 /* LoginViewModel.swift */ = {isa = PBXFileReference; fileEncoding = 4; lastKnownFileType = sourcecode.swift; path = LoginViewModel.swift; sourceTree = "<group>"; };
		7BB4A0C92CB960E100F900C3 /* DemoRepository.swift */ = {isa = PBXFileReference; fileEncoding = 4; lastKnownFileType = sourcecode.swift; path = DemoRepository.swift; sourceTree = "<group>"; };
		7BB4A0CA2CB960E100F900C3 /* RecaptchaRepository.swift */ = {isa = PBXFileReference; fileEncoding = 4; lastKnownFileType = sourcecode.swift; path = RecaptchaRepository.swift; sourceTree = "<group>"; };
		7BB4A0CB2CB960E100F900C3 /* LoginView.swift */ = {isa = PBXFileReference; fileEncoding = 4; lastKnownFileType = sourcecode.swift; path = LoginView.swift; sourceTree = "<group>"; };
		7BB4A0D82CB9648900F900C3 /* DebugSettings.xcconfig */ = {isa = PBXFileReference; lastKnownFileType = text.xcconfig; path = DebugSettings.xcconfig; sourceTree = "<group>"; };
		7BB4A0D92CB9649800F900C3 /* ReleaseSettings.xcconfig */ = {isa = PBXFileReference; lastKnownFileType = text.xcconfig; path = ReleaseSettings.xcconfig; sourceTree = "<group>"; };
		7BB4A0DA2CB9662000F900C3 /* Info.plist */ = {isa = PBXFileReference; lastKnownFileType = text.plist; path = Info.plist; sourceTree = "<group>"; };
/* End PBXFileReference section */

/* Begin PBXFrameworksBuildPhase section */
		7BB4A0972CB9608500F900C3 /* Frameworks */ = {
			isa = PBXFrameworksBuildPhase;
			buildActionMask = 2147483647;
			files = (
				7BB4A0D32CB9611B00F900C3 /* RecaptchaEnterprise in Frameworks */,
			);
			runOnlyForDeploymentPostprocessing = 0;
		};
		7BB4A0A72CB9608600F900C3 /* Frameworks */ = {
			isa = PBXFrameworksBuildPhase;
			buildActionMask = 2147483647;
			files = (
			);
			runOnlyForDeploymentPostprocessing = 0;
		};
		7BB4A0B12CB9608600F900C3 /* Frameworks */ = {
			isa = PBXFrameworksBuildPhase;
			buildActionMask = 2147483647;
			files = (
			);
			runOnlyForDeploymentPostprocessing = 0;
		};
/* End PBXFrameworksBuildPhase section */

/* Begin PBXGroup section */
		7BB4A0912CB9608500F900C3 = {
			isa = PBXGroup;
			children = (
				7BB4A0D82CB9648900F900C3 /* DebugSettings.xcconfig */,
				7BB4A0D92CB9649800F900C3 /* ReleaseSettings.xcconfig */,
				7BB4A09C2CB9608500F900C3 /* RecaptchaDemo */,
				7BB4A0AD2CB9608600F900C3 /* RecaptchaDemoTests */,
				7BB4A0B72CB9608600F900C3 /* RecaptchaDemoUITests */,
				7BB4A09B2CB9608500F900C3 /* Products */,
			);
			sourceTree = "<group>";
		};
		7BB4A09B2CB9608500F900C3 /* Products */ = {
			isa = PBXGroup;
			children = (
				7BB4A09A2CB9608500F900C3 /* RecaptchaDemo.app */,
				7BB4A0AA2CB9608600F900C3 /* RecaptchaDemoTests.xctest */,
				7BB4A0B42CB9608600F900C3 /* RecaptchaDemoUITests.xctest */,
			);
			name = Products;
			sourceTree = "<group>";
		};
		7BB4A09C2CB9608500F900C3 /* RecaptchaDemo */ = {
			isa = PBXGroup;
			children = (
				7BB4A0DA2CB9662000F900C3 /* Info.plist */,
				7BB4A0C92CB960E100F900C3 /* DemoRepository.swift */,
				7BB4A0C72CB960E100F900C3 /* HomeView.swift */,
				7BB4A0CB2CB960E100F900C3 /* LoginView.swift */,
				7BB4A0C82CB960E100F900C3 /* LoginViewModel.swift */,
				7BB4A0CA2CB960E100F900C3 /* RecaptchaRepository.swift */,
				7BB4A09D2CB9608500F900C3 /* RecaptchaDemoApp.swift */,
				7BB4A09F2CB9608500F900C3 /* ContentView.swift */,
				7BB4A0A12CB9608600F900C3 /* Assets.xcassets */,
				7BB4A0A32CB9608600F900C3 /* Preview Content */,
			);
			path = RecaptchaDemo;
			sourceTree = "<group>";
		};
		7BB4A0A32CB9608600F900C3 /* Preview Content */ = {
			isa = PBXGroup;
			children = (
				7BB4A0A42CB9608600F900C3 /* Preview Assets.xcassets */,
			);
			path = "Preview Content";
			sourceTree = "<group>";
		};
		7BB4A0AD2CB9608600F900C3 /* RecaptchaDemoTests */ = {
			isa = PBXGroup;
			children = (
				7BB4A0AE2CB9608600F900C3 /* RecaptchaDemoTests.swift */,
			);
			path = RecaptchaDemoTests;
			sourceTree = "<group>";
		};
		7BB4A0B72CB9608600F900C3 /* RecaptchaDemoUITests */ = {
			isa = PBXGroup;
			children = (
				7BB4A0B82CB9608600F900C3 /* RecaptchaDemoUITests.swift */,
				7BB4A0BA2CB9608600F900C3 /* RecaptchaDemoUITestsLaunchTests.swift */,
			);
			path = RecaptchaDemoUITests;
			sourceTree = "<group>";
		};
/* End PBXGroup section */

/* Begin PBXNativeTarget section */
		7BB4A0992CB9608500F900C3 /* RecaptchaDemo */ = {
			isa = PBXNativeTarget;
			buildConfigurationList = 7BB4A0BE2CB9608600F900C3 /* Build configuration list for PBXNativeTarget "RecaptchaDemo" */;
			buildPhases = (
				7BB4A0962CB9608500F900C3 /* Sources */,
				7BB4A0972CB9608500F900C3 /* Frameworks */,
				7BB4A0982CB9608500F900C3 /* Resources */,
			);
			buildRules = (
			);
			dependencies = (
			);
			name = RecaptchaDemo;
			packageProductDependencies = (
				7BB4A0D22CB9611B00F900C3 /* RecaptchaEnterprise */,
			);
			productName = RecaptchaDemo;
			productReference = 7BB4A09A2CB9608500F900C3 /* RecaptchaDemo.app */;
			productType = "com.apple.product-type.application";
		};
		7BB4A0A92CB9608600F900C3 /* RecaptchaDemoTests */ = {
			isa = PBXNativeTarget;
			buildConfigurationList = 7BB4A0C12CB9608600F900C3 /* Build configuration list for PBXNativeTarget "RecaptchaDemoTests" */;
			buildPhases = (
				7BB4A0A62CB9608600F900C3 /* Sources */,
				7BB4A0A72CB9608600F900C3 /* Frameworks */,
				7BB4A0A82CB9608600F900C3 /* Resources */,
			);
			buildRules = (
			);
			dependencies = (
				7BB4A0AC2CB9608600F900C3 /* PBXTargetDependency */,
			);
			name = RecaptchaDemoTests;
			productName = RecaptchaDemoTests;
			productReference = 7BB4A0AA2CB9608600F900C3 /* RecaptchaDemoTests.xctest */;
			productType = "com.apple.product-type.bundle.unit-test";
		};
		7BB4A0B32CB9608600F900C3 /* RecaptchaDemoUITests */ = {
			isa = PBXNativeTarget;
			buildConfigurationList = 7BB4A0C42CB9608600F900C3 /* Build configuration list for PBXNativeTarget "RecaptchaDemoUITests" */;
			buildPhases = (
				7BB4A0B02CB9608600F900C3 /* Sources */,
				7BB4A0B12CB9608600F900C3 /* Frameworks */,
				7BB4A0B22CB9608600F900C3 /* Resources */,
			);
			buildRules = (
			);
			dependencies = (
				7BB4A0B62CB9608600F900C3 /* PBXTargetDependency */,
			);
			name = RecaptchaDemoUITests;
			productName = RecaptchaDemoUITests;
			productReference = 7BB4A0B42CB9608600F900C3 /* RecaptchaDemoUITests.xctest */;
			productType = "com.apple.product-type.bundle.ui-testing";
		};
/* End PBXNativeTarget section */

/* Begin PBXProject section */
		7BB4A0922CB9608500F900C3 /* Project object */ = {
			isa = PBXProject;
			attributes = {
				BuildIndependentTargetsInParallel = 1;
				LastSwiftUpdateCheck = 1530;
				LastUpgradeCheck = 1530;
				TargetAttributes = {
					7BB4A0992CB9608500F900C3 = {
						CreatedOnToolsVersion = 15.3;
					};
					7BB4A0A92CB9608600F900C3 = {
						CreatedOnToolsVersion = 15.3;
						TestTargetID = 7BB4A0992CB9608500F900C3;
					};
					7BB4A0B32CB9608600F900C3 = {
						CreatedOnToolsVersion = 15.3;
						TestTargetID = 7BB4A0992CB9608500F900C3;
					};
				};
			};
			buildConfigurationList = 7BB4A0952CB9608500F900C3 /* Build configuration list for PBXProject "RecaptchaDemo" */;
			compatibilityVersion = "Xcode 14.0";
			developmentRegion = en;
			hasScannedForEncodings = 0;
			knownRegions = (
				en,
				Base,
			);
			mainGroup = 7BB4A0912CB9608500F900C3;
			packageReferences = (
				7BB4A0D12CB9611B00F900C3 /* XCRemoteSwiftPackageReference "recaptcha-enterprise-mobile-sdk" */,
			);
			productRefGroup = 7BB4A09B2CB9608500F900C3 /* Products */;
			projectDirPath = "";
			projectRoot = "";
			targets = (
				7BB4A0992CB9608500F900C3 /* RecaptchaDemo */,
				7BB4A0A92CB9608600F900C3 /* RecaptchaDemoTests */,
				7BB4A0B32CB9608600F900C3 /* RecaptchaDemoUITests */,
			);
		};
/* End PBXProject section */

/* Begin PBXResourcesBuildPhase section */
		7BB4A0982CB9608500F900C3 /* Resources */ = {
			isa = PBXResourcesBuildPhase;
			buildActionMask = 2147483647;
			files = (
				7BB4A0A52CB9608600F900C3 /* Preview Assets.xcassets in Resources */,
				7BB4A0A22CB9608600F900C3 /* Assets.xcassets in Resources */,
			);
			runOnlyForDeploymentPostprocessing = 0;
		};
		7BB4A0A82CB9608600F900C3 /* Resources */ = {
			isa = PBXResourcesBuildPhase;
			buildActionMask = 2147483647;
			files = (
			);
			runOnlyForDeploymentPostprocessing = 0;
		};
		7BB4A0B22CB9608600F900C3 /* Resources */ = {
			isa = PBXResourcesBuildPhase;
			buildActionMask = 2147483647;
			files = (
			);
			runOnlyForDeploymentPostprocessing = 0;
		};
/* End PBXResourcesBuildPhase section */

/* Begin PBXSourcesBuildPhase section */
		7BB4A0962CB9608500F900C3 /* Sources */ = {
			isa = PBXSourcesBuildPhase;
			buildActionMask = 2147483647;
			files = (
				7BB4A0CE2CB960E100F900C3 /* DemoRepository.swift in Sources */,
				7BB4A0D02CB960E100F900C3 /* LoginView.swift in Sources */,
				7BB4A0CD2CB960E100F900C3 /* LoginViewModel.swift in Sources */,
				7BB4A0CC2CB960E100F900C3 /* HomeView.swift in Sources */,
				7BB4A0CF2CB960E100F900C3 /* RecaptchaRepository.swift in Sources */,
				7BB4A0A02CB9608500F900C3 /* ContentView.swift in Sources */,
				7BB4A09E2CB9608500F900C3 /* RecaptchaDemoApp.swift in Sources */,
			);
			runOnlyForDeploymentPostprocessing = 0;
		};
		7BB4A0A62CB9608600F900C3 /* Sources */ = {
			isa = PBXSourcesBuildPhase;
			buildActionMask = 2147483647;
			files = (
				7BB4A0AF2CB9608600F900C3 /* RecaptchaDemoTests.swift in Sources */,
			);
			runOnlyForDeploymentPostprocessing = 0;
		};
		7BB4A0B02CB9608600F900C3 /* Sources */ = {
			isa = PBXSourcesBuildPhase;
			buildActionMask = 2147483647;
			files = (
				7BB4A0B92CB9608600F900C3 /* RecaptchaDemoUITests.swift in Sources */,
				7BB4A0BB2CB9608600F900C3 /* RecaptchaDemoUITestsLaunchTests.swift in Sources */,
			);
			runOnlyForDeploymentPostprocessing = 0;
		};
/* End PBXSourcesBuildPhase section */

/* Begin PBXTargetDependency section */
		7BB4A0AC2CB9608600F900C3 /* PBXTargetDependency */ = {
			isa = PBXTargetDependency;
			target = 7BB4A0992CB9608500F900C3 /* RecaptchaDemo */;
			targetProxy = 7BB4A0AB2CB9608600F900C3 /* PBXContainerItemProxy */;
		};
		7BB4A0B62CB9608600F900C3 /* PBXTargetDependency */ = {
			isa = PBXTargetDependency;
			target = 7BB4A0992CB9608500F900C3 /* RecaptchaDemo */;
			targetProxy = 7BB4A0B52CB9608600F900C3 /* PBXContainerItemProxy */;
		};
/* End PBXTargetDependency section */

/* Begin XCBuildConfiguration section */
		7BB4A0BC2CB9608600F900C3 /* Debug */ = {
			isa = XCBuildConfiguration;
			buildSettings = {
				ALWAYS_SEARCH_USER_PATHS = NO;
				ASSETCATALOG_COMPILER_GENERATE_SWIFT_ASSET_SYMBOL_EXTENSIONS = YES;
				CLANG_ANALYZER_NONNULL = YES;
				CLANG_ANALYZER_NUMBER_OBJECT_CONVERSION = YES_AGGRESSIVE;
				CLANG_CXX_LANGUAGE_STANDARD = "gnu++20";
				CLANG_ENABLE_MODULES = YES;
				CLANG_ENABLE_OBJC_ARC = YES;
				CLANG_ENABLE_OBJC_WEAK = YES;
				CLANG_WARN_BLOCK_CAPTURE_AUTORELEASING = YES;
				CLANG_WARN_BOOL_CONVERSION = YES;
				CLANG_WARN_COMMA = YES;
				CLANG_WARN_CONSTANT_CONVERSION = YES;
				CLANG_WARN_DEPRECATED_OBJC_IMPLEMENTATIONS = YES;
				CLANG_WARN_DIRECT_OBJC_ISA_USAGE = YES_ERROR;
				CLANG_WARN_DOCUMENTATION_COMMENTS = YES;
				CLANG_WARN_EMPTY_BODY = YES;
				CLANG_WARN_ENUM_CONVERSION = YES;
				CLANG_WARN_INFINITE_RECURSION = YES;
				CLANG_WARN_INT_CONVERSION = YES;
				CLANG_WARN_NON_LITERAL_NULL_CONVERSION = YES;
				CLANG_WARN_OBJC_IMPLICIT_RETAIN_SELF = YES;
				CLANG_WARN_OBJC_LITERAL_CONVERSION = YES;
				CLANG_WARN_OBJC_ROOT_CLASS = YES_ERROR;
				CLANG_WARN_QUOTED_INCLUDE_IN_FRAMEWORK_HEADER = YES;
				CLANG_WARN_RANGE_LOOP_ANALYSIS = YES;
				CLANG_WARN_STRICT_PROTOTYPES = YES;
				CLANG_WARN_SUSPICIOUS_MOVE = YES;
				CLANG_WARN_UNGUARDED_AVAILABILITY = YES_AGGRESSIVE;
				CLANG_WARN_UNREACHABLE_CODE = YES;
				CLANG_WARN__DUPLICATE_METHOD_MATCH = YES;
				COPY_PHASE_STRIP = NO;
				DEBUG_INFORMATION_FORMAT = dwarf;
				ENABLE_STRICT_OBJC_MSGSEND = YES;
				ENABLE_TESTABILITY = YES;
				ENABLE_USER_SCRIPT_SANDBOXING = YES;
				GCC_C_LANGUAGE_STANDARD = gnu17;
				GCC_DYNAMIC_NO_PIC = NO;
				GCC_NO_COMMON_BLOCKS = YES;
				GCC_OPTIMIZATION_LEVEL = 0;
				GCC_PREPROCESSOR_DEFINITIONS = (
					"DEBUG=1",
					"$(inherited)",
				);
				GCC_WARN_64_TO_32_BIT_CONVERSION = YES;
				GCC_WARN_ABOUT_RETURN_TYPE = YES_ERROR;
				GCC_WARN_UNDECLARED_SELECTOR = YES;
				GCC_WARN_UNINITIALIZED_AUTOS = YES_AGGRESSIVE;
				GCC_WARN_UNUSED_FUNCTION = YES;
				GCC_WARN_UNUSED_VARIABLE = YES;
				IPHONEOS_DEPLOYMENT_TARGET = 17.4;
				LOCALIZATION_PREFERS_STRING_CATALOGS = YES;
				MTL_ENABLE_DEBUG_INFO = INCLUDE_SOURCE;
				MTL_FAST_MATH = YES;
				ONLY_ACTIVE_ARCH = YES;
				SDKROOT = iphoneos;
				SWIFT_ACTIVE_COMPILATION_CONDITIONS = "DEBUG $(inherited)";
				SWIFT_OPTIMIZATION_LEVEL = "-Onone";
			};
			name = Debug;
		};
		7BB4A0BD2CB9608600F900C3 /* Release */ = {
			isa = XCBuildConfiguration;
			buildSettings = {
				ALWAYS_SEARCH_USER_PATHS = NO;
				ASSETCATALOG_COMPILER_GENERATE_SWIFT_ASSET_SYMBOL_EXTENSIONS = YES;
				CLANG_ANALYZER_NONNULL = YES;
				CLANG_ANALYZER_NUMBER_OBJECT_CONVERSION = YES_AGGRESSIVE;
				CLANG_CXX_LANGUAGE_STANDARD = "gnu++20";
				CLANG_ENABLE_MODULES = YES;
				CLANG_ENABLE_OBJC_ARC = YES;
				CLANG_ENABLE_OBJC_WEAK = YES;
				CLANG_WARN_BLOCK_CAPTURE_AUTORELEASING = YES;
				CLANG_WARN_BOOL_CONVERSION = YES;
				CLANG_WARN_COMMA = YES;
				CLANG_WARN_CONSTANT_CONVERSION = YES;
				CLANG_WARN_DEPRECATED_OBJC_IMPLEMENTATIONS = YES;
				CLANG_WARN_DIRECT_OBJC_ISA_USAGE = YES_ERROR;
				CLANG_WARN_DOCUMENTATION_COMMENTS = YES;
				CLANG_WARN_EMPTY_BODY = YES;
				CLANG_WARN_ENUM_CONVERSION = YES;
				CLANG_WARN_INFINITE_RECURSION = YES;
				CLANG_WARN_INT_CONVERSION = YES;
				CLANG_WARN_NON_LITERAL_NULL_CONVERSION = YES;
				CLANG_WARN_OBJC_IMPLICIT_RETAIN_SELF = YES;
				CLANG_WARN_OBJC_LITERAL_CONVERSION = YES;
				CLANG_WARN_OBJC_ROOT_CLASS = YES_ERROR;
				CLANG_WARN_QUOTED_INCLUDE_IN_FRAMEWORK_HEADER = YES;
				CLANG_WARN_RANGE_LOOP_ANALYSIS = YES;
				CLANG_WARN_STRICT_PROTOTYPES = YES;
				CLANG_WARN_SUSPICIOUS_MOVE = YES;
				CLANG_WARN_UNGUARDED_AVAILABILITY = YES_AGGRESSIVE;
				CLANG_WARN_UNREACHABLE_CODE = YES;
				CLANG_WARN__DUPLICATE_METHOD_MATCH = YES;
				COPY_PHASE_STRIP = NO;
				DEBUG_INFORMATION_FORMAT = "dwarf-with-dsym";
				ENABLE_NS_ASSERTIONS = NO;
				ENABLE_STRICT_OBJC_MSGSEND = YES;
				ENABLE_USER_SCRIPT_SANDBOXING = YES;
				GCC_C_LANGUAGE_STANDARD = gnu17;
				GCC_NO_COMMON_BLOCKS = YES;
				GCC_WARN_64_TO_32_BIT_CONVERSION = YES;
				GCC_WARN_ABOUT_RETURN_TYPE = YES_ERROR;
				GCC_WARN_UNDECLARED_SELECTOR = YES;
				GCC_WARN_UNINITIALIZED_AUTOS = YES_AGGRESSIVE;
				GCC_WARN_UNUSED_FUNCTION = YES;
				GCC_WARN_UNUSED_VARIABLE = YES;
				IPHONEOS_DEPLOYMENT_TARGET = 17.4;
				LOCALIZATION_PREFERS_STRING_CATALOGS = YES;
				MTL_ENABLE_DEBUG_INFO = NO;
				MTL_FAST_MATH = YES;
				SDKROOT = iphoneos;
				SWIFT_COMPILATION_MODE = wholemodule;
				VALIDATE_PRODUCT = YES;
			};
			name = Release;
		};
		7BB4A0BF2CB9608600F900C3 /* Debug */ = {
			isa = XCBuildConfiguration;
			baseConfigurationReference = 7BB4A0D82CB9648900F900C3 /* DebugSettings.xcconfig */;
			buildSettings = {
				ASSETCATALOG_COMPILER_APPICON_NAME = AppIcon;
				ASSETCATALOG_COMPILER_GLOBAL_ACCENT_COLOR_NAME = AccentColor;
				CODE_SIGN_STYLE = Automatic;
				CURRENT_PROJECT_VERSION = 1;
				DEVELOPMENT_ASSET_PATHS = "\"RecaptchaDemo/Preview Content\"";
				ENABLE_PREVIEWS = YES;
				GENERATE_INFOPLIST_FILE = YES;
				INFOPLIST_FILE = RecaptchaDemo/Info.plist;
				INFOPLIST_KEY_UIApplicationSceneManifest_Generation = YES;
				INFOPLIST_KEY_UIApplicationSupportsIndirectInputEvents = YES;
				INFOPLIST_KEY_UILaunchScreen_Generation = YES;
				INFOPLIST_KEY_UISupportedInterfaceOrientations_iPad = "UIInterfaceOrientationPortrait UIInterfaceOrientationPortraitUpsideDown UIInterfaceOrientationLandscapeLeft UIInterfaceOrientationLandscapeRight";
				INFOPLIST_KEY_UISupportedInterfaceOrientations_iPhone = "UIInterfaceOrientationPortrait UIInterfaceOrientationLandscapeLeft UIInterfaceOrientationLandscapeRight";
				LD_RUNPATH_SEARCH_PATHS = (
					"$(inherited)",
					"@executable_path/Frameworks",
				);
				MARKETING_VERSION = 1.0;
				PRODUCT_BUNDLE_IDENTIFIER = com.google.recaptcha.ios.sample;
				PRODUCT_NAME = "$(TARGET_NAME)";
				SWIFT_EMIT_LOC_STRINGS = YES;
				SWIFT_VERSION = 5.0;
				TARGETED_DEVICE_FAMILY = "1,2";
			};
			name = Debug;
		};
		7BB4A0C02CB9608600F900C3 /* Release */ = {
			isa = XCBuildConfiguration;
			baseConfigurationReference = 7BB4A0D92CB9649800F900C3 /* ReleaseSettings.xcconfig */;
			buildSettings = {
				ASSETCATALOG_COMPILER_APPICON_NAME = AppIcon;
				ASSETCATALOG_COMPILER_GLOBAL_ACCENT_COLOR_NAME = AccentColor;
				CODE_SIGN_STYLE = Automatic;
				CURRENT_PROJECT_VERSION = 1;
				DEVELOPMENT_ASSET_PATHS = "\"RecaptchaDemo/Preview Content\"";
				ENABLE_PREVIEWS = YES;
				GENERATE_INFOPLIST_FILE = YES;
				INFOPLIST_FILE = RecaptchaDemo/Info.plist;
				INFOPLIST_KEY_UIApplicationSceneManifest_Generation = YES;
				INFOPLIST_KEY_UIApplicationSupportsIndirectInputEvents = YES;
				INFOPLIST_KEY_UILaunchScreen_Generation = YES;
				INFOPLIST_KEY_UISupportedInterfaceOrientations_iPad = "UIInterfaceOrientationPortrait UIInterfaceOrientationPortraitUpsideDown UIInterfaceOrientationLandscapeLeft UIInterfaceOrientationLandscapeRight";
				INFOPLIST_KEY_UISupportedInterfaceOrientations_iPhone = "UIInterfaceOrientationPortrait UIInterfaceOrientationLandscapeLeft UIInterfaceOrientationLandscapeRight";
				LD_RUNPATH_SEARCH_PATHS = (
					"$(inherited)",
					"@executable_path/Frameworks",
				);
				MARKETING_VERSION = 1.0;
				PRODUCT_BUNDLE_IDENTIFIER = com.google.recaptcha.ios.sample;
				PRODUCT_NAME = "$(TARGET_NAME)";
				SWIFT_EMIT_LOC_STRINGS = YES;
				SWIFT_VERSION = 5.0;
				TARGETED_DEVICE_FAMILY = "1,2";
			};
			name = Release;
		};
		7BB4A0C22CB9608600F900C3 /* Debug */ = {
			isa = XCBuildConfiguration;
			buildSettings = {
				ALWAYS_EMBED_SWIFT_STANDARD_LIBRARIES = YES;
				BUNDLE_LOADER = "$(TEST_HOST)";
				CODE_SIGN_STYLE = Automatic;
				CURRENT_PROJECT_VERSION = 1;
				GENERATE_INFOPLIST_FILE = YES;
				IPHONEOS_DEPLOYMENT_TARGET = 17.4;
				MARKETING_VERSION = 1.0;
				PRODUCT_BUNDLE_IDENTIFIER = com.google.recaptcha.ios.sample.RecaptchaDemoTests;
				PRODUCT_NAME = "$(TARGET_NAME)";
				SWIFT_EMIT_LOC_STRINGS = NO;
				SWIFT_VERSION = 5.0;
				TARGETED_DEVICE_FAMILY = "1,2";
				TEST_HOST = "$(BUILT_PRODUCTS_DIR)/RecaptchaDemo.app/$(BUNDLE_EXECUTABLE_FOLDER_PATH)/RecaptchaDemo";
			};
			name = Debug;
		};
		7BB4A0C32CB9608600F900C3 /* Release */ = {
			isa = XCBuildConfiguration;
			buildSettings = {
				ALWAYS_EMBED_SWIFT_STANDARD_LIBRARIES = YES;
				BUNDLE_LOADER = "$(TEST_HOST)";
				CODE_SIGN_STYLE = Automatic;
				CURRENT_PROJECT_VERSION = 1;
				GENERATE_INFOPLIST_FILE = YES;
				IPHONEOS_DEPLOYMENT_TARGET = 17.4;
				MARKETING_VERSION = 1.0;
				PRODUCT_BUNDLE_IDENTIFIER = com.google.recaptcha.ios.sample.RecaptchaDemoTests;
				PRODUCT_NAME = "$(TARGET_NAME)";
				SWIFT_EMIT_LOC_STRINGS = NO;
				SWIFT_VERSION = 5.0;
				TARGETED_DEVICE_FAMILY = "1,2";
				TEST_HOST = "$(BUILT_PRODUCTS_DIR)/RecaptchaDemo.app/$(BUNDLE_EXECUTABLE_FOLDER_PATH)/RecaptchaDemo";
			};
			name = Release;
		};
		7BB4A0C52CB9608600F900C3 /* Debug */ = {
			isa = XCBuildConfiguration;
			buildSettings = {
				ALWAYS_EMBED_SWIFT_STANDARD_LIBRARIES = YES;
				CODE_SIGN_STYLE = Automatic;
				CURRENT_PROJECT_VERSION = 1;
				GENERATE_INFOPLIST_FILE = YES;
				MARKETING_VERSION = 1.0;
				PRODUCT_BUNDLE_IDENTIFIER = com.google.recaptcha.ios.sample.RecaptchaDemoUITests;
				PRODUCT_NAME = "$(TARGET_NAME)";
				SWIFT_EMIT_LOC_STRINGS = NO;
				SWIFT_VERSION = 5.0;
				TARGETED_DEVICE_FAMILY = "1,2";
				TEST_TARGET_NAME = RecaptchaDemo;
			};
			name = Debug;
		};
		7BB4A0C62CB9608600F900C3 /* Release */ = {
			isa = XCBuildConfiguration;
			buildSettings = {
				ALWAYS_EMBED_SWIFT_STANDARD_LIBRARIES = YES;
				CODE_SIGN_STYLE = Automatic;
				CURRENT_PROJECT_VERSION = 1;
				GENERATE_INFOPLIST_FILE = YES;
				MARKETING_VERSION = 1.0;
				PRODUCT_BUNDLE_IDENTIFIER = com.google.recaptcha.ios.sample.RecaptchaDemoUITests;
				PRODUCT_NAME = "$(TARGET_NAME)";
				SWIFT_EMIT_LOC_STRINGS = NO;
				SWIFT_VERSION = 5.0;
				TARGETED_DEVICE_FAMILY = "1,2";
				TEST_TARGET_NAME = RecaptchaDemo;
			};
			name = Release;
		};
/* End XCBuildConfiguration section */

/* Begin XCConfigurationList section */
		7BB4A0952CB9608500F900C3 /* Build configuration list for PBXProject "RecaptchaDemo" */ = {
			isa = XCConfigurationList;
			buildConfigurations = (
				7BB4A0BC2CB9608600F900C3 /* Debug */,
				7BB4A0BD2CB9608600F900C3 /* Release */,
			);
			defaultConfigurationIsVisible = 0;
			defaultConfigurationName = Release;
		};
		7BB4A0BE2CB9608600F900C3 /* Build configuration list for PBXNativeTarget "RecaptchaDemo" */ = {
			isa = XCConfigurationList;
			buildConfigurations = (
				7BB4A0BF2CB9608600F900C3 /* Debug */,
				7BB4A0C02CB9608600F900C3 /* Release */,
			);
			defaultConfigurationIsVisible = 0;
			defaultConfigurationName = Release;
		};
		7BB4A0C12CB9608600F900C3 /* Build configuration list for PBXNativeTarget "RecaptchaDemoTests" */ = {
			isa = XCConfigurationList;
			buildConfigurations = (
				7BB4A0C22CB9608600F900C3 /* Debug */,
				7BB4A0C32CB9608600F900C3 /* Release */,
			);
			defaultConfigurationIsVisible = 0;
			defaultConfigurationName = Release;
		};
		7BB4A0C42CB9608600F900C3 /* Build configuration list for PBXNativeTarget "RecaptchaDemoUITests" */ = {
			isa = XCConfigurationList;
			buildConfigurations = (
				7BB4A0C52CB9608600F900C3 /* Debug */,
				7BB4A0C62CB9608600F900C3 /* Release */,
			);
			defaultConfigurationIsVisible = 0;
			defaultConfigurationName = Release;
		};
/* End XCConfigurationList section */

/* Begin XCRemoteSwiftPackageReference section */
		7BB4A0D12CB9611B00F900C3 /* XCRemoteSwiftPackageReference "recaptcha-enterprise-mobile-sdk" */ = {
			isa = XCRemoteSwiftPackageReference;
			repositoryURL = "https://github.com/GoogleCloudPlatform/recaptcha-enterprise-mobile-sdk";
			requirement = {
				kind = upToNextMajorVersion;
				minimumVersion = 18.6.0;
			};
		};
/* End XCRemoteSwiftPackageReference section */

/* Begin XCSwiftPackageProductDependency section */
		7BB4A0D22CB9611B00F900C3 /* RecaptchaEnterprise */ = {
			isa = XCSwiftPackageProductDependency;
			package = 7BB4A0D12CB9611B00F900C3 /* XCRemoteSwiftPackageReference "recaptcha-enterprise-mobile-sdk" */;
			productName = RecaptchaEnterprise;
		};
/* End XCSwiftPackageProductDependency section */
	};
	rootObject = 7BB4A0922CB9608500F900C3 /* Project object */;
}
