{
  "originHash" : "96a660ee2749df27ed51bcd4228c4e3b8c3932f66c3a3fdea3e02a6e6d284a4a",
  "pins" : [
    {
      "identity" : "interop-ios-for-google-sdks",
      "kind" : "remoteSourceControl",
      "location" : "https://github.com/google/interop-ios-for-google-sdks.git",
      "state" : {
        "revision" : "040d087ac2267d2ddd4cca36c757d1c6a05fdbfe",
        "version" : "101.0.0"
      }
    },
    {
      "identity" : "recaptcha-enterprise-mobile-sdk",
      "kind" : "remoteSourceControl",
      "location" : "https://github.com/GoogleCloudPlatform/recaptcha-enterprise-mobile-sdk",
      "state" : {
        "revision" : "5ec74256124faa7e7814c574509723f49e1fccfb",
        "version" : "18.7.0"
      }
    }
  ],
  "version" : 3
}
